
Microsoft Visual Studio Solution File, Format Version 12.00
Project("{FAE04EC0-301F-11D3-BF4B-00C04F79EFBC}") = "AlgorithmMidterm", "AlgorithmMidterm\AlgorithmMidterm.csproj", "{FE16D2BE-2769-4F03-9FE3-DED452209777}"
EndProject
Project("{FAE04EC0-301F-11D3-BF4B-00C04F79EFBC}") = "UnitTest", "UnitTest\UnitTest.csproj", "{B65975F0-2477-47AE-916C-2512A520C909}"
EndProject
Global
	GlobalSection(SolutionConfigurationPlatforms) = preSolution
		Debug|Any CPU = Debug|Any CPU
		Release|Any CPU = Release|Any CPU
	EndGlobalSection
	GlobalSection(ProjectConfigurationPlatforms) = postSolution
		{FE16D2BE-2769-4F03-9FE3-DED452209777}.Debug|Any CPU.ActiveCfg = Debug|Any CPU
		{FE16D2BE-2769-4F03-9FE3-DED452209777}.Debug|Any CPU.Build.0 = Debug|Any CPU
		{FE16D2BE-2769-4F03-9FE3-DED452209777}.Release|Any CPU.ActiveCfg = Release|Any CPU
		{FE16D2BE-2769-4F03-9FE3-DED452209777}.Release|Any CPU.Build.0 = Release|Any CPU
		{B65975F0-2477-47AE-916C-2512A520C909}.Debug|Any CPU.ActiveCfg = Debug|Any CPU
		{B65975F0-2477-47AE-916C-2512A520C909}.Debug|Any CPU.Build.0 = Debug|Any CPU
		{B65975F0-2477-47AE-916C-2512A520C909}.Release|Any CPU.ActiveCfg = Release|Any CPU
		{B65975F0-2477-47AE-916C-2512A520C909}.Release|Any CPU.Build.0 = Release|Any CPU
	EndGlobalSection
EndGlobal
